
Microsoft Visual Studio Solution File, Format Version 12.00
# Visual Studio Version 17
VisualStudioVersion = 17.5.33627.172
MinimumVisualStudioVersion = 10.0.40219.1
Project("{2150E333-8FDC-42A3-9474-1A3956D46DE8}") = "Gateway", "Gateway", "{949583F9-D506-46CC-AB6D-DAA9DFEFEF0D}"
EndProject
Project("{9A19103F-16F7-4668-BE54-9A1E7A4F7556}") = "Gateway", "Gateway\Gateway.csproj", "{09C82137-669F-4ED3-ADF8-71AD5A8882EF}"
EndProject
Project("{E53339B2-1760-4266-BCC7-CA923CBCF16C}") = "docker-compose", "docker-compose.dcproj", "{CE866FDA-551F-47FF-989E-57EDB9F5A557}"
EndProject
Global
	GlobalSection(SolutionConfigurationPlatforms) = preSolution
		Debug|Any CPU = Debug|Any CPU
		Release|Any CPU = Release|Any CPU
	EndGlobalSection
	GlobalSection(ProjectConfigurationPlatforms) = postSolution
		{09C82137-669F-4ED3-ADF8-71AD5A8882EF}.Debug|Any CPU.ActiveCfg = Debug|Any CPU
		{09C82137-669F-4ED3-ADF8-71AD5A8882EF}.Debug|Any CPU.Build.0 = Debug|Any CPU
		{09C82137-669F-4ED3-ADF8-71AD5A8882EF}.Release|Any CPU.ActiveCfg = Release|Any CPU
		{09C82137-669F-4ED3-ADF8-71AD5A8882EF}.Release|Any CPU.Build.0 = Release|Any CPU
		{CE866FDA-551F-47FF-989E-57EDB9F5A557}.Debug|Any CPU.ActiveCfg = Debug|Any CPU
		{CE866FDA-551F-47FF-989E-57EDB9F5A557}.Debug|Any CPU.Build.0 = Debug|Any CPU
		{CE866FDA-551F-47FF-989E-57EDB9F5A557}.Release|Any CPU.ActiveCfg = Release|Any CPU
		{CE866FDA-551F-47FF-989E-57EDB9F5A557}.Release|Any CPU.Build.0 = Release|Any CPU
	EndGlobalSection
	GlobalSection(SolutionProperties) = preSolution
		HideSolutionNode = FALSE
	EndGlobalSection
	GlobalSection(NestedProjects) = preSolution
		{09C82137-669F-4ED3-ADF8-71AD5A8882EF} = {949583F9-D506-46CC-AB6D-DAA9DFEFEF0D}
	EndGlobalSection
	GlobalSection(ExtensibilityGlobals) = postSolution
		SolutionGuid = {6C63427B-6051-40C7-8C9C-230B5E8B5BDC}
	EndGlobalSection
EndGlobal
